// !$*UTF8*$!
{
	archiveVersion = 1;
	classes = {
	};
	objectVersion = 46;
	objects = {

/* Begin PBXBuildFile section */
		CE9557261E640279007CBDA6 /* AppDelegate.swift in Sources */ = {isa = PBXBuildFile; fileRef = CE9557251E640279007CBDA6 /* AppDelegate.swift */; };
		CE9557281E640279007CBDA6 /* ViewController.swift in Sources */ = {isa = PBXBuildFile; fileRef = CE9557271E640279007CBDA6 /* ViewController.swift */; };
		CE95572B1E640279007CBDA6 /* Main.storyboard in Resources */ = {isa = PBXBuildFile; fileRef = CE9557291E640279007CBDA6 /* Main.storyboard */; };
		CE95572D1E640279007CBDA6 /* Assets.xcassets in Resources */ = {isa = PBXBuildFile; fileRef = CE95572C1E640279007CBDA6 /* Assets.xcassets */; };
		CE9557301E640279007CBDA6 /* LaunchScreen.storyboard in Resources */ = {isa = PBXBuildFile; fileRef = CE95572E1E640279007CBDA6 /* LaunchScreen.storyboard */; };
		CE95573B1E640279007CBDA6 /* fansAreasTests.swift in Sources */ = {isa = PBXBuildFile; fileRef = CE95573A1E640279007CBDA6 /* fansAreasTests.swift */; };
		CE9557461E64027A007CBDA6 /* fansAreasUITests.swift in Sources */ = {isa = PBXBuildFile; fileRef = CE9557451E64027A007CBDA6 /* fansAreasUITests.swift */; };
/* End PBXBuildFile section */

/* Begin PBXContainerItemProxy section */
		CE9557371E640279007CBDA6 /* PBXContainerItemProxy */ = {
			isa = PBXContainerItemProxy;
			containerPortal = CE95571A1E640279007CBDA6 /* Project object */;
			proxyType = 1;
			remoteGlobalIDString = CE9557211E640279007CBDA6;
			remoteInfo = fansAreas;
		};
		CE9557421E640279007CBDA6 /* PBXContainerItemProxy */ = {
			isa = PBXContainerItemProxy;
			containerPortal = CE95571A1E640279007CBDA6 /* Project object */;
			proxyType = 1;
			remoteGlobalIDString = CE9557211E640279007CBDA6;
			remoteInfo = fansAreas;
		};
/* End PBXContainerItemProxy section */

/* Begin PBXFileReference section */
		CE9557221E640279007CBDA6 /* fansAreas.app */ = {isa = PBXFileReference; explicitFileType = wrapper.application; includeInIndex = 0; path = fansAreas.app; sourceTree = BUILT_PRODUCTS_DIR; };
		CE9557251E640279007CBDA6 /* AppDelegate.swift */ = {isa = PBXFileReference; lastKnownFileType = sourcecode.swift; path = AppDelegate.swift; sourceTree = "<group>"; };
		CE9557271E640279007CBDA6 /* ViewController.swift */ = {isa = PBXFileReference; lastKnownFileType = sourcecode.swift; path = ViewController.swift; sourceTree = "<group>"; };
		CE95572A1E640279007CBDA6 /* Base */ = {isa = PBXFileReference; lastKnownFileType = file.storyboard; name = Base; path = Base.lproj/Main.storyboard; sourceTree = "<group>"; };
		CE95572C1E640279007CBDA6 /* Assets.xcassets */ = {isa = PBXFileReference; lastKnownFileType = folder.assetcatalog; path = Assets.xcassets; sourceTree = "<group>"; };
		CE95572F1E640279007CBDA6 /* Base */ = {isa = PBXFileReference; lastKnownFileType = file.storyboard; name = Base; path = Base.lproj/LaunchScreen.storyboard; sourceTree = "<group>"; };
		CE9557311E640279007CBDA6 /* Info.plist */ = {isa = PBXFileReference; lastKnownFileType = text.plist.xml; path = Info.plist; sourceTree = "<group>"; };
		CE9557361E640279007CBDA6 /* fansAreasTests.xctest */ = {isa = PBXFileReference; explicitFileType = wrapper.cfbundle; includeInIndex = 0; path = fansAreasTests.xctest; sourceTree = BUILT_PRODUCTS_DIR; };
		CE95573A1E640279007CBDA6 /* fansAreasTests.swift */ = {isa = PBXFileReference; lastKnownFileType = sourcecode.swift; path = fansAreasTests.swift; sourceTree = "<group>"; };
		CE95573C1E640279007CBDA6 /* Info.plist */ = {isa = PBXFileReference; lastKnownFileType = text.plist.xml; path = Info.plist; sourceTree = "<group>"; };
		CE9557411E640279007CBDA6 /* fansAreasUITests.xctest */ = {isa = PBXFileReference; explicitFileType = wrapper.cfbundle; includeInIndex = 0; path = fansAreasUITests.xctest; sourceTree = BUILT_PRODUCTS_DIR; };
		CE9557451E64027A007CBDA6 /* fansAreasUITests.swift */ = {isa = PBXFileReference; lastKnownFileType = sourcecode.swift; path = fansAreasUITests.swift; sourceTree = "<group>"; };
		CE9557471E64027A007CBDA6 /* Info.plist */ = {isa = PBXFileReference; lastKnownFileType = text.plist.xml; path = Info.plist; sourceTree = "<group>"; };
/* End PBXFileReference section */

/* Begin PBXFrameworksBuildPhase section */
		CE95571F1E640279007CBDA6 /* Frameworks */ = {
			isa = PBXFrameworksBuildPhase;
			buildActionMask = 2147483647;
			files = (
			);
			runOnlyForDeploymentPostprocessing = 0;
		};
		CE9557331E640279007CBDA6 /* Frameworks */ = {
			isa = PBXFrameworksBuildPhase;
			buildActionMask = 2147483647;
			files = (
			);
			runOnlyForDeploymentPostprocessing = 0;
		};
		CE95573E1E640279007CBDA6 /* Frameworks */ = {
			isa = PBXFrameworksBuildPhase;
			buildActionMask = 2147483647;
			files = (
			);
			runOnlyForDeploymentPostprocessing = 0;
		};
/* End PBXFrameworksBuildPhase section */

/* Begin PBXGroup section */
		CE9557191E640279007CBDA6 = {
			isa = PBXGroup;
			children = (
				CE9557241E640279007CBDA6 /* fansAreas */,
				CE9557391E640279007CBDA6 /* fansAreasTests */,
				CE9557441E64027A007CBDA6 /* fansAreasUITests */,
				CE9557231E640279007CBDA6 /* Products */,
			);
			sourceTree = "<group>";
		};
		CE9557231E640279007CBDA6 /* Products */ = {
			isa = PBXGroup;
			children = (
				CE9557221E640279007CBDA6 /* fansAreas.app */,
				CE9557361E640279007CBDA6 /* fansAreasTests.xctest */,
				CE9557411E640279007CBDA6 /* fansAreasUITests.xctest */,
			);
			name = Products;
			sourceTree = "<group>";
		};
		CE9557241E640279007CBDA6 /* fansAreas */ = {
			isa = PBXGroup;
			children = (
				CE9557251E640279007CBDA6 /* AppDelegate.swift */,
				CE9557271E640279007CBDA6 /* ViewController.swift */,
				CE9557291E640279007CBDA6 /* Main.storyboard */,
				CE95572C1E640279007CBDA6 /* Assets.xcassets */,
				CE95572E1E640279007CBDA6 /* LaunchScreen.storyboard */,
				CE9557311E640279007CBDA6 /* Info.plist */,
			);
			path = fansAreas;
			sourceTree = "<group>";
		};
		CE9557391E640279007CBDA6 /* fansAreasTests */ = {
			isa = PBXGroup;
			children = (
				CE95573A1E640279007CBDA6 /* fansAreasTests.swift */,
				CE95573C1E640279007CBDA6 /* Info.plist */,
			);
			path = fansAreasTests;
			sourceTree = "<group>";
		};
		CE9557441E64027A007CBDA6 /* fansAreasUITests */ = {
			isa = PBXGroup;
			children = (
				CE9557451E64027A007CBDA6 /* fansAreasUITests.swift */,
				CE9557471E64027A007CBDA6 /* Info.plist */,
			);
			path = fansAreasUITests;
			sourceTree = "<group>";
		};
/* End PBXGroup section */

/* Begin PBXNativeTarget section */
		CE9557211E640279007CBDA6 /* fansAreas */ = {
			isa = PBXNativeTarget;
			buildConfigurationList = CE95574A1E64027A007CBDA6 /* Build configuration list for PBXNativeTarget "fansAreas" */;
			buildPhases = (
				CE95571E1E640279007CBDA6 /* Sources */,
				CE95571F1E640279007CBDA6 /* Frameworks */,
				CE9557201E640279007CBDA6 /* Resources */,
			);
			buildRules = (
			);
			dependencies = (
			);
			name = fansAreas;
			productName = fansAreas;
			productReference = CE9557221E640279007CBDA6 /* fansAreas.app */;
			productType = "com.apple.product-type.application";
		};
		CE9557351E640279007CBDA6 /* fansAreasTests */ = {
			isa = PBXNativeTarget;
			buildConfigurationList = CE95574D1E64027A007CBDA6 /* Build configuration list for PBXNativeTarget "fansAreasTests" */;
			buildPhases = (
				CE9557321E640279007CBDA6 /* Sources */,
				CE9557331E640279007CBDA6 /* Frameworks */,
				CE9557341E640279007CBDA6 /* Resources */,
			);
			buildRules = (
			);
			dependencies = (
				CE9557381E640279007CBDA6 /* PBXTargetDependency */,
			);
			name = fansAreasTests;
			productName = fansAreasTests;
			productReference = CE9557361E640279007CBDA6 /* fansAreasTests.xctest */;
			productType = "com.apple.product-type.bundle.unit-test";
		};
		CE9557401E640279007CBDA6 /* fansAreasUITests */ = {
			isa = PBXNativeTarget;
			buildConfigurationList = CE9557501E64027A007CBDA6 /* Build configuration list for PBXNativeTarget "fansAreasUITests" */;
			buildPhases = (
				CE95573D1E640279007CBDA6 /* Sources */,
				CE95573E1E640279007CBDA6 /* Frameworks */,
				CE95573F1E640279007CBDA6 /* Resources */,
			);
			buildRules = (
			);
			dependencies = (
				CE9557431E640279007CBDA6 /* PBXTargetDependency */,
			);
			name = fansAreasUITests;
			productName = fansAreasUITests;
			productReference = CE9557411E640279007CBDA6 /* fansAreasUITests.xctest */;
			productType = "com.apple.product-type.bundle.ui-testing";
		};
/* End PBXNativeTarget section */

/* Begin PBXProject section */
		CE95571A1E640279007CBDA6 /* Project object */ = {
			isa = PBXProject;
			attributes = {
				LastSwiftUpdateCheck = 0800;
				LastUpgradeCheck = 0800;
				ORGANIZATIONNAME = lisz;
				TargetAttributes = {
					CE9557211E640279007CBDA6 = {
						CreatedOnToolsVersion = 8.0;
						ProvisioningStyle = Automatic;
					};
					CE9557351E640279007CBDA6 = {
						CreatedOnToolsVersion = 8.0;
						ProvisioningStyle = Automatic;
						TestTargetID = CE9557211E640279007CBDA6;
					};
					CE9557401E640279007CBDA6 = {
						CreatedOnToolsVersion = 8.0;
						ProvisioningStyle = Automatic;
						TestTargetID = CE9557211E640279007CBDA6;
					};
				};
			};
			buildConfigurationList = CE95571D1E640279007CBDA6 /* Build configuration list for PBXProject "fansAreas" */;
			compatibilityVersion = "Xcode 3.2";
			developmentRegion = English;
			hasScannedForEncodings = 0;
			knownRegions = (
				en,
				Base,
			);
			mainGroup = CE9557191E640279007CBDA6;
			productRefGroup = CE9557231E640279007CBDA6 /* Products */;
			projectDirPath = "";
			projectRoot = "";
			targets = (
				CE9557211E640279007CBDA6 /* fansAreas */,
				CE9557351E640279007CBDA6 /* fansAreasTests */,
				CE9557401E640279007CBDA6 /* fansAreasUITests */,
			);
		};
/* End PBXProject section */

/* Begin PBXResourcesBuildPhase section */
		CE9557201E640279007CBDA6 /* Resources */ = {
			isa = PBXResourcesBuildPhase;
			buildActionMask = 2147483647;
			files = (
				CE9557301E640279007CBDA6 /* LaunchScreen.storyboard in Resources */,
				CE95572D1E640279007CBDA6 /* Assets.xcassets in Resources */,
				CE95572B1E640279007CBDA6 /* Main.storyboard in Resources */,
			);
			runOnlyForDeploymentPostprocessing = 0;
		};
		CE9557341E640279007CBDA6 /* Resources */ = {
			isa = PBXResourcesBuildPhase;
			buildActionMask = 2147483647;
			files = (
			);
			runOnlyForDeploymentPostprocessing = 0;
		};
		CE95573F1E640279007CBDA6 /* Resources */ = {
			isa = PBXResourcesBuildPhase;
			buildActionMask = 2147483647;
			files = (
			);
			runOnlyForDeploymentPostprocessing = 0;
		};
/* End PBXResourcesBuildPhase section */

/* Begin PBXSourcesBuildPhase section */
		CE95571E1E640279007CBDA6 /* Sources */ = {
			isa = PBXSourcesBuildPhase;
			buildActionMask = 2147483647;
			files = (
				CE9557281E640279007CBDA6 /* ViewController.swift in Sources */,
				CE9557261E640279007CBDA6 /* AppDelegate.swift in Sources */,
			);
			runOnlyForDeploymentPostprocessing = 0;
		};
		CE9557321E640279007CBDA6 /* Sources */ = {
			isa = PBXSourcesBuildPhase;
			buildActionMask = 2147483647;
			files = (
				CE95573B1E640279007CBDA6 /* fansAreasTests.swift in Sources */,
			);
			runOnlyForDeploymentPostprocessing = 0;
		};
		CE95573D1E640279007CBDA6 /* Sources */ = {
			isa = PBXSourcesBuildPhase;
			buildActionMask = 2147483647;
			files = (
				CE9557461E64027A007CBDA6 /* fansAreasUITests.swift in Sources */,
			);
			runOnlyForDeploymentPostprocessing = 0;
		};
/* End PBXSourcesBuildPhase section */

/* Begin PBXTargetDependency section */
		CE9557381E640279007CBDA6 /* PBXTargetDependency */ = {
			isa = PBXTargetDependency;
			target = CE9557211E640279007CBDA6 /* fansAreas */;
			targetProxy = CE9557371E640279007CBDA6 /* PBXContainerItemProxy */;
		};
		CE9557431E640279007CBDA6 /* PBXTargetDependency */ = {
			isa = PBXTargetDependency;
			target = CE9557211E640279007CBDA6 /* fansAreas */;
			targetProxy = CE9557421E640279007CBDA6 /* PBXContainerItemProxy */;
		};
/* End PBXTargetDependency section */

/* Begin PBXVariantGroup section */
		CE9557291E640279007CBDA6 /* Main.storyboard */ = {
			isa = PBXVariantGroup;
			children = (
				CE95572A1E640279007CBDA6 /* Base */,
			);
			name = Main.storyboard;
			sourceTree = "<group>";
		};
		CE95572E1E640279007CBDA6 /* LaunchScreen.storyboard */ = {
			isa = PBXVariantGroup;
			children = (
				CE95572F1E640279007CBDA6 /* Base */,
			);
			name = LaunchScreen.storyboard;
			sourceTree = "<group>";
		};
/* End PBXVariantGroup section */

/* Begin XCBuildConfiguration section */
		CE9557481E64027A007CBDA6 /* Debug */ = {
			isa = XCBuildConfiguration;
			buildSettings = {
				ALWAYS_SEARCH_USER_PATHS = NO;
				CLANG_ANALYZER_NONNULL = YES;
				CLANG_CXX_LANGUAGE_STANDARD = "gnu++0x";
				CLANG_CXX_LIBRARY = "libc++";
				CLANG_ENABLE_MODULES = YES;
				CLANG_ENABLE_OBJC_ARC = YES;
				CLANG_WARN_BOOL_CONVERSION = YES;
				CLANG_WARN_CONSTANT_CONVERSION = YES;
				CLANG_WARN_DIRECT_OBJC_ISA_USAGE = YES_ERROR;
				CLANG_WARN_DOCUMENTATION_COMMENTS = YES;
				CLANG_WARN_EMPTY_BODY = YES;
				CLANG_WARN_ENUM_CONVERSION = YES;
				CLANG_WARN_INFINITE_RECURSION = YES;
				CLANG_WARN_INT_CONVERSION = YES;
				CLANG_WARN_OBJC_ROOT_CLASS = YES_ERROR;
				CLANG_WARN_SUSPICIOUS_MOVES = YES;
				CLANG_WARN_UNREACHABLE_CODE = YES;
				CLANG_WARN__DUPLICATE_METHOD_MATCH = YES;
				"CODE_SIGN_IDENTITY[sdk=iphoneos*]" = "iPhone Developer";
				COPY_PHASE_STRIP = NO;
				DEBUG_INFORMATION_FORMAT = dwarf;
				ENABLE_STRICT_OBJC_MSGSEND = YES;
				ENABLE_TESTABILITY = YES;
				GCC_C_LANGUAGE_STANDARD = gnu99;
				GCC_DYNAMIC_NO_PIC = NO;
				GCC_NO_COMMON_BLOCKS = YES;
				GCC_OPTIMIZATION_LEVEL = 0;
				GCC_PREPROCESSOR_DEFINITIONS = (
					"DEBUG=1",
					"$(inherited)",
				);
				GCC_WARN_64_TO_32_BIT_CONVERSION = YES;
				GCC_WARN_ABOUT_RETURN_TYPE = YES_ERROR;
				GCC_WARN_UNDECLARED_SELECTOR = YES;
				GCC_WARN_UNINITIALIZED_AUTOS = YES_AGGRESSIVE;
				GCC_WARN_UNUSED_FUNCTION = YES;
				GCC_WARN_UNUSED_VARIABLE = YES;
				IPHONEOS_DEPLOYMENT_TARGET = 10.0;
				MTL_ENABLE_DEBUG_INFO = YES;
				ONLY_ACTIVE_ARCH = YES;
				SDKROOT = iphoneos;
				SWIFT_ACTIVE_COMPILATION_CONDITIONS = DEBUG;
				SWIFT_OPTIMIZATION_LEVEL = "-Onone";
				TARGETED_DEVICE_FAMILY = "1,2";
			};
			name = Debug;
		};
		CE9557491E64027A007CBDA6 /* Release */ = {
			isa = XCBuildConfiguration;
			buildSettings = {
				ALWAYS_SEARCH_USER_PATHS = NO;
				CLANG_ANALYZER_NONNULL = YES;
				CLANG_CXX_LANGUAGE_STANDARD = "gnu++0x";
				CLANG_CXX_LIBRARY = "libc++";
				CLANG_ENABLE_MODULES = YES;
				CLANG_ENABLE_OBJC_ARC = YES;
				CLANG_WARN_BOOL_CONVERSION = YES;
				CLANG_WARN_CONSTANT_CONVERSION = YES;
				CLANG_WARN_DIRECT_OBJC_ISA_USAGE = YES_ERROR;
				CLANG_WARN_DOCUMENTATION_COMMENTS = YES;
				CLANG_WARN_EMPTY_BODY = YES;
				CLANG_WARN_ENUM_CONVERSION = YES;
				CLANG_WARN_INFINITE_RECURSION = YES;
				CLANG_WARN_INT_CONVERSION = YES;
				CLANG_WARN_OBJC_ROOT_CLASS = YES_ERROR;
				CLANG_WARN_SUSPICIOUS_MOVES = YES;
				CLANG_WARN_UNREACHABLE_CODE = YES;
				CLANG_WARN__DUPLICATE_METHOD_MATCH = YES;
				"CODE_SIGN_IDENTITY[sdk=iphoneos*]" = "iPhone Developer";
				COPY_PHASE_STRIP = NO;
				DEBUG_INFORMATION_FORMAT = "dwarf-with-dsym";
				ENABLE_NS_ASSERTIONS = NO;
				ENABLE_STRICT_OBJC_MSGSEND = YES;
				GCC_C_LANGUAGE_STANDARD = gnu99;
				GCC_NO_COMMON_BLOCKS = YES;
				GCC_WARN_64_TO_32_BIT_CONVERSION = YES;
				GCC_WARN_ABOUT_RETURN_TYPE = YES_ERROR;
				GCC_WARN_UNDECLARED_SELECTOR = YES;
				GCC_WARN_UNINITIALIZED_AUTOS = YES_AGGRESSIVE;
				GCC_WARN_UNUSED_FUNCTION = YES;
				GCC_WARN_UNUSED_VARIABLE = YES;
				IPHONEOS_DEPLOYMENT_TARGET = 10.0;
				MTL_ENABLE_DEBUG_INFO = NO;
				SDKROOT = iphoneos;
				SWIFT_OPTIMIZATION_LEVEL = "-Owholemodule";
				TARGETED_DEVICE_FAMILY = "1,2";
				VALIDATE_PRODUCT = YES;
			};
			name = Release;
		};
		CE95574B1E64027A007CBDA6 /* Debug */ = {
			isa = XCBuildConfiguration;
			buildSettings = {
				ASSETCATALOG_COMPILER_APPICON_NAME = AppIcon;
				INFOPLIST_FILE = fansAreas/Info.plist;
				LD_RUNPATH_SEARCH_PATHS = "$(inherited) @executable_path/Frameworks";
				PRODUCT_BUNDLE_IDENTIFIER = com.lisz.fansAreas;
				PRODUCT_NAME = "$(TARGET_NAME)";
				SWIFT_VERSION = 3.0;
			};
			name = Debug;
		};
		CE95574C1E64027A007CBDA6 /* Release */ = {
			isa = XCBuildConfiguration;
			buildSettings = {
				ASSETCATALOG_COMPILER_APPICON_NAME = AppIcon;
				INFOPLIST_FILE = fansAreas/Info.plist;
				LD_RUNPATH_SEARCH_PATHS = "$(inherited) @executable_path/Frameworks";
				PRODUCT_BUNDLE_IDENTIFIER = com.lisz.fansAreas;
				PRODUCT_NAME = "$(TARGET_NAME)";
				SWIFT_VERSION = 3.0;
			};
			name = Release;
		};
		CE95574E1E64027A007CBDA6 /* Debug */ = {
			isa = XCBuildConfiguration;
			buildSettings = {
				ALWAYS_EMBED_SWIFT_STANDARD_LIBRARIES = YES;
				BUNDLE_LOADER = "$(TEST_HOST)";
				INFOPLIST_FILE = fansAreasTests/Info.plist;
				LD_RUNPATH_SEARCH_PATHS = "$(inherited) @executable_path/Frameworks @loader_path/Frameworks";
				PRODUCT_BUNDLE_IDENTIFIER = com.lisz.fansAreasTests;
				PRODUCT_NAME = "$(TARGET_NAME)";
				SWIFT_VERSION = 3.0;
				TEST_HOST = "$(BUILT_PRODUCTS_DIR)/fansAreas.app/fansAreas";
			};
			name = Debug;
		};
		CE95574F1E64027A007CBDA6 /* Release */ = {
			isa = XCBuildConfiguration;
			buildSettings = {
				ALWAYS_EMBED_SWIFT_STANDARD_LIBRARIES = YES;
				BUNDLE_LOADER = "$(TEST_HOST)";
				INFOPLIST_FILE = fansAreasTests/Info.plist;
				LD_RUNPATH_SEARCH_PATHS = "$(inherited) @executable_path/Frameworks @loader_path/Frameworks";
				PRODUCT_BUNDLE_IDENTIFIER = com.lisz.fansAreasTests;
				PRODUCT_NAME = "$(TARGET_NAME)";
				SWIFT_VERSION = 3.0;
				TEST_HOST = "$(BUILT_PRODUCTS_DIR)/fansAreas.app/fansAreas";
			};
			name = Release;
		};
		CE9557511E64027A007CBDA6 /* Debug */ = {
			isa = XCBuildConfiguration;
			buildSettings = {
				ALWAYS_EMBED_SWIFT_STANDARD_LIBRARIES = YES;
				INFOPLIST_FILE = fansAreasUITests/Info.plist;
				LD_RUNPATH_SEARCH_PATHS = "$(inherited) @executable_path/Frameworks @loader_path/Frameworks";
				PRODUCT_BUNDLE_IDENTIFIER = com.lisz.fansAreasUITests;
				PRODUCT_NAME = "$(TARGET_NAME)";
				SWIFT_VERSION = 3.0;
				TEST_TARGET_NAME = fansAreas;
			};
			name = Debug;
		};
		CE9557521E64027A007CBDA6 /* Release */ = {
			isa = XCBuildConfiguration;
			buildSettings = {
				ALWAYS_EMBED_SWIFT_STANDARD_LIBRARIES = YES;
				INFOPLIST_FILE = fansAreasUITests/Info.plist;
				LD_RUNPATH_SEARCH_PATHS = "$(inherited) @executable_path/Frameworks @loader_path/Frameworks";
				PRODUCT_BUNDLE_IDENTIFIER = com.lisz.fansAreasUITests;
				PRODUCT_NAME = "$(TARGET_NAME)";
				SWIFT_VERSION = 3.0;
				TEST_TARGET_NAME = fansAreas;
			};
			name = Release;
		};
/* End XCBuildConfiguration section */

/* Begin XCConfigurationList section */
		CE95571D1E640279007CBDA6 /* Build configuration list for PBXProject "fansAreas" */ = {
			isa = XCConfigurationList;
			buildConfigurations = (
				CE9557481E64027A007CBDA6 /* Debug */,
				CE9557491E64027A007CBDA6 /* Release */,
			);
			defaultConfigurationIsVisible = 0;
			defaultConfigurationName = Release;
		};
		CE95574A1E64027A007CBDA6 /* Build configuration list for PBXNativeTarget "fansAreas" */ = {
			isa = XCConfigurationList;
			buildConfigurations = (
				CE95574B1E64027A007CBDA6 /* Debug */,
				CE95574C1E64027A007CBDA6 /* Release */,
			);
			defaultConfigurationIsVisible = 0;
		};
		CE95574D1E64027A007CBDA6 /* Build configuration list for PBXNativeTarget "fansAreasTests" */ = {
			isa = XCConfigurationList;
			buildConfigurations = (
				CE95574E1E64027A007CBDA6 /* Debug */,
				CE95574F1E64027A007CBDA6 /* Release */,
			);
			defaultConfigurationIsVisible = 0;
		};
		CE9557501E64027A007CBDA6 /* Build configuration list for PBXNativeTarget "fansAreasUITests" */ = {
			isa = XCConfigurationList;
			buildConfigurations = (
				CE9557511E64027A007CBDA6 /* Debug */,
				CE9557521E64027A007CBDA6 /* Release */,
			);
			defaultConfigurationIsVisible = 0;
		};
/* End XCConfigurationList section */
	};
	rootObject = CE95571A1E640279007CBDA6 /* Project object */;
}
